
Microsoft Visual Studio Solution File, Format Version 12.00
# Visual Studio Version 17
VisualStudioVersion = 17.11.35431.28
MinimumVisualStudioVersion = 10.0.40219.1
Project("{FAE04EC0-301F-11D3-BF4B-00C04F79EFBC}") = "Lab4Variant1", "Lab4Variant1\Lab4Variant1.csproj", "{3C227E0C-6415-4589-9A40-6A15E4AABF61}"
EndProject
Global
	GlobalSection(SolutionConfigurationPlatforms) = preSolution
		Debug|Any CPU = Debug|Any CPU
		Release|Any CPU = Release|Any CPU
	EndGlobalSection
	GlobalSection(ProjectConfigurationPlatforms) = postSolution
		{3C227E0C-6415-4589-9A40-6A15E4AABF61}.Debug|Any CPU.ActiveCfg = Debug|Any CPU
		{3C227E0C-6415-4589-9A40-6A15E4AABF61}.Debug|Any CPU.Build.0 = Debug|Any CPU
		{3C227E0C-6415-4589-9A40-6A15E4AABF61}.Release|Any CPU.ActiveCfg = Release|Any CPU
		{3C227E0C-6415-4589-9A40-6A15E4AABF61}.Release|Any CPU.Build.0 = Release|Any CPU
	EndGlobalSection
	GlobalSection(SolutionProperties) = preSolution
		HideSolutionNode = FALSE
	EndGlobalSection
	GlobalSection(ExtensibilityGlobals) = postSolution
		SolutionGuid = {FD6D046F-6CB7-4C98-848E-01685663F988}
	EndGlobalSection
EndGlobal
